
Microsoft Visual Studio Solution File, Format Version 12.00
# Visual Studio 2013
VisualStudioVersion = 12.0.21005.1
MinimumVisualStudioVersion = 10.0.40219.1
Project("{FAE04EC0-301F-11D3-BF4B-00C04F79EFBC}") = "RobotOptimization", "RobotOpt\RobotOptimization.csproj", "{AE5475D6-9008-4F85-A308-BBB99D0979A0}"
EndProject
Project("{FAE04EC0-301F-11D3-BF4B-00C04F79EFBC}") = "Strings", "Strings\Strings.csproj", "{2DDBFDD2-845F-44DB-85B7-3DA2C6FA4468}"
EndProject
Project("{FAE04EC0-301F-11D3-BF4B-00C04F79EFBC}") = "Arrays", "Arrays\Arrays.csproj", "{2E65B61E-8127-4295-8EF6-8F95D1D3CF23}"
EndProject
Project("{FAE04EC0-301F-11D3-BF4B-00C04F79EFBC}") = "LinkedLists", "LinkedLists\LinkedLists.csproj", "{C168B253-6ACF-48D8-8773-4977B3E9DA99}"
EndProject
Project("{FAE04EC0-301F-11D3-BF4B-00C04F79EFBC}") = "Sorting", "Sorting\Sorting.csproj", "{1976F058-9E39-40D6-BD0E-C781C888E6CA}"
EndProject
Project("{FAE04EC0-301F-11D3-BF4B-00C04F79EFBC}") = "Matrix", "Matrix\Matrix.csproj", "{6D954B27-714D-43A4-BABB-C4AA565D92E0}"
EndProject
Project("{FAE04EC0-301F-11D3-BF4B-00C04F79EFBC}") = "Searching", "Searching\Searching.csproj", "{3AECDD4A-A3DD-4D92-829B-12BF52E100CA}"
EndProject
Project("{FAE04EC0-301F-11D3-BF4B-00C04F79EFBC}") = "DoubleLinkedList", "DoubleLinkedList\DoubleLinkedList.csproj", "{8CF95297-3D4C-44F2-A48D-7224D786E703}"
EndProject
Project("{FAE04EC0-301F-11D3-BF4B-00C04F79EFBC}") = "Structures", "Structures\Structures.csproj", "{1478E4FF-BA37-431F-94E0-F03EAAA755AA}"
EndProject
Project("{FAE04EC0-301F-11D3-BF4B-00C04F79EFBC}") = "DictionariesTests", "DictionariesTests\DictionariesTests.csproj", "{D17C01B4-87EB-4BBD-B188-59B912E365BE}"
EndProject
Project("{FAE04EC0-301F-11D3-BF4B-00C04F79EFBC}") = "BinaryTree", "BinaryTree\BinaryTree.csproj", "{2EEC1773-EEB8-4DDA-904A-797BEA42E92F}"
EndProject
Global
	GlobalSection(SolutionConfigurationPlatforms) = preSolution
		Debug|Any CPU = Debug|Any CPU
		Release|Any CPU = Release|Any CPU
	EndGlobalSection
	GlobalSection(ProjectConfigurationPlatforms) = postSolution
		{AE5475D6-9008-4F85-A308-BBB99D0979A0}.Debug|Any CPU.ActiveCfg = Debug|Any CPU
		{AE5475D6-9008-4F85-A308-BBB99D0979A0}.Debug|Any CPU.Build.0 = Debug|Any CPU
		{AE5475D6-9008-4F85-A308-BBB99D0979A0}.Release|Any CPU.ActiveCfg = Release|Any CPU
		{AE5475D6-9008-4F85-A308-BBB99D0979A0}.Release|Any CPU.Build.0 = Release|Any CPU
		{2DDBFDD2-845F-44DB-85B7-3DA2C6FA4468}.Debug|Any CPU.ActiveCfg = Debug|Any CPU
		{2DDBFDD2-845F-44DB-85B7-3DA2C6FA4468}.Debug|Any CPU.Build.0 = Debug|Any CPU
		{2DDBFDD2-845F-44DB-85B7-3DA2C6FA4468}.Release|Any CPU.ActiveCfg = Release|Any CPU
		{2DDBFDD2-845F-44DB-85B7-3DA2C6FA4468}.Release|Any CPU.Build.0 = Release|Any CPU
		{2E65B61E-8127-4295-8EF6-8F95D1D3CF23}.Debug|Any CPU.ActiveCfg = Debug|Any CPU
		{2E65B61E-8127-4295-8EF6-8F95D1D3CF23}.Debug|Any CPU.Build.0 = Debug|Any CPU
		{2E65B61E-8127-4295-8EF6-8F95D1D3CF23}.Release|Any CPU.ActiveCfg = Release|Any CPU
		{2E65B61E-8127-4295-8EF6-8F95D1D3CF23}.Release|Any CPU.Build.0 = Release|Any CPU
		{C168B253-6ACF-48D8-8773-4977B3E9DA99}.Debug|Any CPU.ActiveCfg = Debug|Any CPU
		{C168B253-6ACF-48D8-8773-4977B3E9DA99}.Debug|Any CPU.Build.0 = Debug|Any CPU
		{C168B253-6ACF-48D8-8773-4977B3E9DA99}.Release|Any CPU.ActiveCfg = Release|Any CPU
		{C168B253-6ACF-48D8-8773-4977B3E9DA99}.Release|Any CPU.Build.0 = Release|Any CPU
		{1976F058-9E39-40D6-BD0E-C781C888E6CA}.Debug|Any CPU.ActiveCfg = Debug|Any CPU
		{1976F058-9E39-40D6-BD0E-C781C888E6CA}.Debug|Any CPU.Build.0 = Debug|Any CPU
		{1976F058-9E39-40D6-BD0E-C781C888E6CA}.Release|Any CPU.ActiveCfg = Release|Any CPU
		{1976F058-9E39-40D6-BD0E-C781C888E6CA}.Release|Any CPU.Build.0 = Release|Any CPU
		{6D954B27-714D-43A4-BABB-C4AA565D92E0}.Debug|Any CPU.ActiveCfg = Debug|Any CPU
		{6D954B27-714D-43A4-BABB-C4AA565D92E0}.Debug|Any CPU.Build.0 = Debug|Any CPU
		{6D954B27-714D-43A4-BABB-C4AA565D92E0}.Release|Any CPU.ActiveCfg = Release|Any CPU
		{6D954B27-714D-43A4-BABB-C4AA565D92E0}.Release|Any CPU.Build.0 = Release|Any CPU
		{3AECDD4A-A3DD-4D92-829B-12BF52E100CA}.Debug|Any CPU.ActiveCfg = Debug|Any CPU
		{3AECDD4A-A3DD-4D92-829B-12BF52E100CA}.Debug|Any CPU.Build.0 = Debug|Any CPU
		{3AECDD4A-A3DD-4D92-829B-12BF52E100CA}.Release|Any CPU.ActiveCfg = Release|Any CPU
		{3AECDD4A-A3DD-4D92-829B-12BF52E100CA}.Release|Any CPU.Build.0 = Release|Any CPU
		{8CF95297-3D4C-44F2-A48D-7224D786E703}.Debug|Any CPU.ActiveCfg = Debug|Any CPU
		{8CF95297-3D4C-44F2-A48D-7224D786E703}.Debug|Any CPU.Build.0 = Debug|Any CPU
		{8CF95297-3D4C-44F2-A48D-7224D786E703}.Release|Any CPU.ActiveCfg = Release|Any CPU
		{8CF95297-3D4C-44F2-A48D-7224D786E703}.Release|Any CPU.Build.0 = Release|Any CPU
		{1478E4FF-BA37-431F-94E0-F03EAAA755AA}.Debug|Any CPU.ActiveCfg = Debug|Any CPU
		{1478E4FF-BA37-431F-94E0-F03EAAA755AA}.Debug|Any CPU.Build.0 = Debug|Any CPU
		{1478E4FF-BA37-431F-94E0-F03EAAA755AA}.Release|Any CPU.ActiveCfg = Release|Any CPU
		{1478E4FF-BA37-431F-94E0-F03EAAA755AA}.Release|Any CPU.Build.0 = Release|Any CPU
		{D17C01B4-87EB-4BBD-B188-59B912E365BE}.Debug|Any CPU.ActiveCfg = Debug|Any CPU
		{D17C01B4-87EB-4BBD-B188-59B912E365BE}.Debug|Any CPU.Build.0 = Debug|Any CPU
		{D17C01B4-87EB-4BBD-B188-59B912E365BE}.Release|Any CPU.ActiveCfg = Release|Any CPU
		{D17C01B4-87EB-4BBD-B188-59B912E365BE}.Release|Any CPU.Build.0 = Release|Any CPU
		{2EEC1773-EEB8-4DDA-904A-797BEA42E92F}.Debug|Any CPU.ActiveCfg = Debug|Any CPU
		{2EEC1773-EEB8-4DDA-904A-797BEA42E92F}.Debug|Any CPU.Build.0 = Debug|Any CPU
		{2EEC1773-EEB8-4DDA-904A-797BEA42E92F}.Release|Any CPU.ActiveCfg = Release|Any CPU
		{2EEC1773-EEB8-4DDA-904A-797BEA42E92F}.Release|Any CPU.Build.0 = Release|Any CPU
	EndGlobalSection
	GlobalSection(SolutionProperties) = preSolution
		HideSolutionNode = FALSE
	EndGlobalSection
EndGlobal
